// !$*UTF8*$!
{
	archiveVersion = 1;
	classes = {
	};
	objectVersion = 55;
	objects = {

/* Begin PBXBuildFile section */
		8E180A9927B6A8F800413FA8 /* AppDelegate.swift in Sources */ = {isa = PBXBuildFile; fileRef = 8E180A9827B6A8F800413FA8 /* AppDelegate.swift */; };
		8E180A9B27B6A8F800413FA8 /* SceneDelegate.swift in Sources */ = {isa = PBXBuildFile; fileRef = 8E180A9A27B6A8F800413FA8 /* SceneDelegate.swift */; };
		8E180A9D27B6A8F800413FA8 /* SearchViewController.swift in Sources */ = {isa = PBXBuildFile; fileRef = 8E180A9C27B6A8F800413FA8 /* SearchViewController.swift */; };
		8E180AA027B6A8F800413FA8 /* Main.storyboard in Resources */ = {isa = PBXBuildFile; fileRef = 8E180A9E27B6A8F800413FA8 /* Main.storyboard */; };
		8E180AA227B6A8F900413FA8 /* Assets.xcassets in Resources */ = {isa = PBXBuildFile; fileRef = 8E180AA127B6A8F900413FA8 /* Assets.xcassets */; };
		8E180AA527B6A8F900413FA8 /* LaunchScreen.storyboard in Resources */ = {isa = PBXBuildFile; fileRef = 8E180AA327B6A8F900413FA8 /* LaunchScreen.storyboard */; };
		8E180AAE27B6B23E00413FA8 /* Alamofire in Frameworks */ = {isa = PBXBuildFile; productRef = 8E180AAD27B6B23E00413FA8 /* Alamofire */; };
		8E180AB727B727A300413FA8 /* MovieCell.swift in Sources */ = {isa = PBXBuildFile; fileRef = 8E180AB627B727A300413FA8 /* MovieCell.swift */; };
		8E180AB927B7875600413FA8 /* SearchViewModel.swift in Sources */ = {isa = PBXBuildFile; fileRef = 8E180AB827B7875600413FA8 /* SearchViewModel.swift */; };
		8E180ABD27BA8CE300413FA8 /* BookmarkViewController.swift in Sources */ = {isa = PBXBuildFile; fileRef = 8E180ABC27BA8CE300413FA8 /* BookmarkViewController.swift */; };
		8E180ABF27BA8D4E00413FA8 /* BookmarkViewModel.swift in Sources */ = {isa = PBXBuildFile; fileRef = 8E180ABE27BA8D4E00413FA8 /* BookmarkViewModel.swift */; };
		8E180AC127BA995800413FA8 /* UserDefaultManager.swift in Sources */ = {isa = PBXBuildFile; fileRef = 8E180AC027BA995800413FA8 /* UserDefaultManager.swift */; };
		8E180AC327BAA09200413FA8 /* BookmarkCoordinator.swift in Sources */ = {isa = PBXBuildFile; fileRef = 8E180AC227BAA09200413FA8 /* BookmarkCoordinator.swift */; };
		FBFB19BC27B9C8FD0078084A /* SearchService.swift in Sources */ = {isa = PBXBuildFile; fileRef = FBFB19BB27B9C8FD0078084A /* SearchService.swift */; };
		FBFB19BE27B9CAC80078084A /* Response.swift in Sources */ = {isa = PBXBuildFile; fileRef = FBFB19BD27B9CAC80078084A /* Response.swift */; };
		FBFB19C127B9CCDE0078084A /* Movie.swift in Sources */ = {isa = PBXBuildFile; fileRef = FBFB19C027B9CCDE0078084A /* Movie.swift */; };
		FBFB19C427B9F0B40078084A /* Kingfisher in Frameworks */ = {isa = PBXBuildFile; productRef = FBFB19C327B9F0B40078084A /* Kingfisher */; };
		FBFB19C727B9F0E80078084A /* UIImageView+.swift in Sources */ = {isa = PBXBuildFile; fileRef = FBFB19C627B9F0E80078084A /* UIImageView+.swift */; };
		FBFB19CA27BA1D800078084A /* AppCoordinator.swift in Sources */ = {isa = PBXBuildFile; fileRef = FBFB19C927BA1D800078084A /* AppCoordinator.swift */; };
		FBFB19CC27BA1D9D0078084A /* Coordinator.swift in Sources */ = {isa = PBXBuildFile; fileRef = FBFB19CB27BA1D9D0078084A /* Coordinator.swift */; };
		FBFB19CE27BA1DBC0078084A /* SearchCoordinator.swift in Sources */ = {isa = PBXBuildFile; fileRef = FBFB19CD27BA1DBC0078084A /* SearchCoordinator.swift */; };
		FBFB19D027BA22010078084A /* DetailCoordinator.swift in Sources */ = {isa = PBXBuildFile; fileRef = FBFB19CF27BA22010078084A /* DetailCoordinator.swift */; };
		FBFB19D227BA223C0078084A /* DetailViewController.swift in Sources */ = {isa = PBXBuildFile; fileRef = FBFB19D127BA223C0078084A /* DetailViewController.swift */; };
		FBFB19D427BA227E0078084A /* DetailViewModel.swift in Sources */ = {isa = PBXBuildFile; fileRef = FBFB19D327BA227E0078084A /* DetailViewModel.swift */; };
		FBFB19D927BB11750078084A /* MovieInfo.swift in Sources */ = {isa = PBXBuildFile; fileRef = FBFB19D827BB11750078084A /* MovieInfo.swift */; };
/* End PBXBuildFile section */

/* Begin PBXFileReference section */
		8E180A9527B6A8F800413FA8 /* Movie.app */ = {isa = PBXFileReference; explicitFileType = wrapper.application; includeInIndex = 0; path = Movie.app; sourceTree = BUILT_PRODUCTS_DIR; };
		8E180A9827B6A8F800413FA8 /* AppDelegate.swift */ = {isa = PBXFileReference; lastKnownFileType = sourcecode.swift; path = AppDelegate.swift; sourceTree = "<group>"; };
		8E180A9A27B6A8F800413FA8 /* SceneDelegate.swift */ = {isa = PBXFileReference; lastKnownFileType = sourcecode.swift; path = SceneDelegate.swift; sourceTree = "<group>"; };
		8E180A9C27B6A8F800413FA8 /* SearchViewController.swift */ = {isa = PBXFileReference; lastKnownFileType = sourcecode.swift; path = SearchViewController.swift; sourceTree = "<group>"; };
		8E180A9F27B6A8F800413FA8 /* Base */ = {isa = PBXFileReference; lastKnownFileType = file.storyboard; name = Base; path = Base.lproj/Main.storyboard; sourceTree = "<group>"; };
		8E180AA127B6A8F900413FA8 /* Assets.xcassets */ = {isa = PBXFileReference; lastKnownFileType = folder.assetcatalog; path = Assets.xcassets; sourceTree = "<group>"; };
		8E180AA427B6A8F900413FA8 /* Base */ = {isa = PBXFileReference; lastKnownFileType = file.storyboard; name = Base; path = Base.lproj/LaunchScreen.storyboard; sourceTree = "<group>"; };
		8E180AA627B6A8F900413FA8 /* Info.plist */ = {isa = PBXFileReference; lastKnownFileType = text.plist.xml; path = Info.plist; sourceTree = "<group>"; };
		8E180AB627B727A300413FA8 /* MovieCell.swift */ = {isa = PBXFileReference; lastKnownFileType = sourcecode.swift; path = MovieCell.swift; sourceTree = "<group>"; };
		8E180AB827B7875600413FA8 /* SearchViewModel.swift */ = {isa = PBXFileReference; lastKnownFileType = sourcecode.swift; path = SearchViewModel.swift; sourceTree = "<group>"; };
		8E180ABC27BA8CE300413FA8 /* BookmarkViewController.swift */ = {isa = PBXFileReference; lastKnownFileType = sourcecode.swift; path = BookmarkViewController.swift; sourceTree = "<group>"; };
		8E180ABE27BA8D4E00413FA8 /* BookmarkViewModel.swift */ = {isa = PBXFileReference; lastKnownFileType = sourcecode.swift; path = BookmarkViewModel.swift; sourceTree = "<group>"; };
		8E180AC027BA995800413FA8 /* UserDefaultManager.swift */ = {isa = PBXFileReference; lastKnownFileType = sourcecode.swift; path = UserDefaultManager.swift; sourceTree = "<group>"; };
		8E180AC227BAA09200413FA8 /* BookmarkCoordinator.swift */ = {isa = PBXFileReference; lastKnownFileType = sourcecode.swift; path = BookmarkCoordinator.swift; sourceTree = "<group>"; };
		FBFB19BB27B9C8FD0078084A /* SearchService.swift */ = {isa = PBXFileReference; lastKnownFileType = sourcecode.swift; path = SearchService.swift; sourceTree = "<group>"; };
		FBFB19BD27B9CAC80078084A /* Response.swift */ = {isa = PBXFileReference; lastKnownFileType = sourcecode.swift; path = Response.swift; sourceTree = "<group>"; };
		FBFB19C027B9CCDE0078084A /* Movie.swift */ = {isa = PBXFileReference; lastKnownFileType = sourcecode.swift; path = Movie.swift; sourceTree = "<group>"; };
		FBFB19C627B9F0E80078084A /* UIImageView+.swift */ = {isa = PBXFileReference; lastKnownFileType = sourcecode.swift; path = "UIImageView+.swift"; sourceTree = "<group>"; };
		FBFB19C927BA1D800078084A /* AppCoordinator.swift */ = {isa = PBXFileReference; lastKnownFileType = sourcecode.swift; path = AppCoordinator.swift; sourceTree = "<group>"; };
		FBFB19CB27BA1D9D0078084A /* Coordinator.swift */ = {isa = PBXFileReference; lastKnownFileType = sourcecode.swift; path = Coordinator.swift; sourceTree = "<group>"; };
		FBFB19CD27BA1DBC0078084A /* SearchCoordinator.swift */ = {isa = PBXFileReference; lastKnownFileType = sourcecode.swift; path = SearchCoordinator.swift; sourceTree = "<group>"; };
		FBFB19CF27BA22010078084A /* DetailCoordinator.swift */ = {isa = PBXFileReference; lastKnownFileType = sourcecode.swift; path = DetailCoordinator.swift; sourceTree = "<group>"; };
		FBFB19D127BA223C0078084A /* DetailViewController.swift */ = {isa = PBXFileReference; lastKnownFileType = sourcecode.swift; path = DetailViewController.swift; sourceTree = "<group>"; };
		FBFB19D327BA227E0078084A /* DetailViewModel.swift */ = {isa = PBXFileReference; lastKnownFileType = sourcecode.swift; path = DetailViewModel.swift; sourceTree = "<group>"; };
		FBFB19D627BA39AE0078084A /* WebKit.framework */ = {isa = PBXFileReference; lastKnownFileType = wrapper.framework; name = WebKit.framework; path = System/Library/Frameworks/WebKit.framework; sourceTree = SDKROOT; };
		FBFB19D827BB11750078084A /* MovieInfo.swift */ = {isa = PBXFileReference; lastKnownFileType = sourcecode.swift; path = MovieInfo.swift; sourceTree = "<group>"; };
/* End PBXFileReference section */

/* Begin PBXFrameworksBuildPhase section */
		8E180A9227B6A8F800413FA8 /* Frameworks */ = {
			isa = PBXFrameworksBuildPhase;
			buildActionMask = 2147483647;
			files = (
				FBFB19C427B9F0B40078084A /* Kingfisher in Frameworks */,
				8E180AAE27B6B23E00413FA8 /* Alamofire in Frameworks */,
			);
			runOnlyForDeploymentPostprocessing = 0;
		};
/* End PBXFrameworksBuildPhase section */

/* Begin PBXGroup section */
		8E180A8C27B6A8F700413FA8 = {
			isa = PBXGroup;
			children = (
				8E180A9727B6A8F800413FA8 /* Movie */,
				8E180A9627B6A8F800413FA8 /* Products */,
				FBFB19D527BA39AE0078084A /* Frameworks */,
			);
			sourceTree = "<group>";
		};
		8E180A9627B6A8F800413FA8 /* Products */ = {
			isa = PBXGroup;
			children = (
				8E180A9527B6A8F800413FA8 /* Movie.app */,
			);
			name = Products;
			sourceTree = "<group>";
		};
		8E180A9727B6A8F800413FA8 /* Movie */ = {
			isa = PBXGroup;
			children = (
				FBFB19C827BA1D530078084A /* Coordinator */,
				FBFB19C527B9F0C00078084A /* Extensions */,
				8E180AB327B6BDCC00413FA8 /* Network */,
				FBFB19BF27B9CCD50078084A /* Model */,
				8E180AB227B6BD8C00413FA8 /* ViewController */,
				8E180AB027B6BD3200413FA8 /* ViewModel */,
				8E180AAF27B6BD2500413FA8 /* View */,
				8E180A9827B6A8F800413FA8 /* AppDelegate.swift */,
				8E180A9A27B6A8F800413FA8 /* SceneDelegate.swift */,
				8E180A9E27B6A8F800413FA8 /* Main.storyboard */,
				8E180AA127B6A8F900413FA8 /* Assets.xcassets */,
				8E180AA327B6A8F900413FA8 /* LaunchScreen.storyboard */,
				8E180AA627B6A8F900413FA8 /* Info.plist */,
			);
			path = Movie;
			sourceTree = "<group>";
		};
		8E180AAF27B6BD2500413FA8 /* View */ = {
			isa = PBXGroup;
			children = (
				8E180AB627B727A300413FA8 /* MovieCell.swift */,
				FBFB19D827BB11750078084A /* MovieInfo.swift */,
			);
			path = View;
			sourceTree = "<group>";
		};
		8E180AB027B6BD3200413FA8 /* ViewModel */ = {
			isa = PBXGroup;
			children = (
				8E180AB827B7875600413FA8 /* SearchViewModel.swift */,
				FBFB19D327BA227E0078084A /* DetailViewModel.swift */,
				8E180ABE27BA8D4E00413FA8 /* BookmarkViewModel.swift */,
			);
			path = ViewModel;
			sourceTree = "<group>";
		};
		8E180AB227B6BD8C00413FA8 /* ViewController */ = {
			isa = PBXGroup;
			children = (
				8E180A9C27B6A8F800413FA8 /* SearchViewController.swift */,
				FBFB19D127BA223C0078084A /* DetailViewController.swift */,
				8E180ABC27BA8CE300413FA8 /* BookmarkViewController.swift */,
			);
			path = ViewController;
			sourceTree = "<group>";
		};
		8E180AB327B6BDCC00413FA8 /* Network */ = {
			isa = PBXGroup;
			children = (
				FBFB19BB27B9C8FD0078084A /* SearchService.swift */,
				FBFB19BD27B9CAC80078084A /* Response.swift */,
			);
			path = Network;
			sourceTree = "<group>";
		};
		FBFB19BF27B9CCD50078084A /* Model */ = {
			isa = PBXGroup;
			children = (
				FBFB19C027B9CCDE0078084A /* Movie.swift */,
				8E180AC027BA995800413FA8 /* UserDefaultManager.swift */,
			);
			path = Model;
			sourceTree = "<group>";
		};
		FBFB19C527B9F0C00078084A /* Extensions */ = {
			isa = PBXGroup;
			children = (
				FBFB19C627B9F0E80078084A /* UIImageView+.swift */,
			);
			path = Extensions;
			sourceTree = "<group>";
		};
		FBFB19C827BA1D530078084A /* Coordinator */ = {
			isa = PBXGroup;
			children = (
				FBFB19C927BA1D800078084A /* AppCoordinator.swift */,
				FBFB19CB27BA1D9D0078084A /* Coordinator.swift */,
				FBFB19CD27BA1DBC0078084A /* SearchCoordinator.swift */,
				FBFB19CF27BA22010078084A /* DetailCoordinator.swift */,
				8E180AC227BAA09200413FA8 /* BookmarkCoordinator.swift */,
			);
			path = Coordinator;
			sourceTree = "<group>";
		};
		FBFB19D527BA39AE0078084A /* Frameworks */ = {
			isa = PBXGroup;
			children = (
				FBFB19D627BA39AE0078084A /* WebKit.framework */,
			);
			name = Frameworks;
			sourceTree = "<group>";
		};
/* End PBXGroup section */

/* Begin PBXNativeTarget section */
		8E180A9427B6A8F800413FA8 /* Movie */ = {
			isa = PBXNativeTarget;
			buildConfigurationList = 8E180AA927B6A8F900413FA8 /* Build configuration list for PBXNativeTarget "Movie" */;
			buildPhases = (
				8E180A9127B6A8F800413FA8 /* Sources */,
				8E180A9227B6A8F800413FA8 /* Frameworks */,
				8E180A9327B6A8F800413FA8 /* Resources */,
			);
			buildRules = (
			);
			dependencies = (
			);
			name = Movie;
			packageProductDependencies = (
				8E180AAD27B6B23E00413FA8 /* Alamofire */,
				FBFB19C327B9F0B40078084A /* Kingfisher */,
			);
			productName = Movie;
			productReference = 8E180A9527B6A8F800413FA8 /* Movie.app */;
			productType = "com.apple.product-type.application";
		};
/* End PBXNativeTarget section */

/* Begin PBXProject section */
		8E180A8D27B6A8F700413FA8 /* Project object */ = {
			isa = PBXProject;
			attributes = {
				BuildIndependentTargetsInParallel = 1;
				LastSwiftUpdateCheck = 1320;
				LastUpgradeCheck = 1320;
				TargetAttributes = {
					8E180A9427B6A8F800413FA8 = {
						CreatedOnToolsVersion = 13.2.1;
					};
				};
			};
			buildConfigurationList = 8E180A9027B6A8F700413FA8 /* Build configuration list for PBXProject "Movie" */;
			compatibilityVersion = "Xcode 13.0";
			developmentRegion = en;
			hasScannedForEncodings = 0;
			knownRegions = (
				en,
				Base,
			);
			mainGroup = 8E180A8C27B6A8F700413FA8;
			packageReferences = (
				8E180AAC27B6B23E00413FA8 /* XCRemoteSwiftPackageReference "Alamofire" */,
				FBFB19C227B9F0B40078084A /* XCRemoteSwiftPackageReference "Kingfisher" */,
			);
			productRefGroup = 8E180A9627B6A8F800413FA8 /* Products */;
			projectDirPath = "";
			projectRoot = "";
			targets = (
				8E180A9427B6A8F800413FA8 /* Movie */,
			);
		};
/* End PBXProject section */

/* Begin PBXResourcesBuildPhase section */
		8E180A9327B6A8F800413FA8 /* Resources */ = {
			isa = PBXResourcesBuildPhase;
			buildActionMask = 2147483647;
			files = (
				8E180AA527B6A8F900413FA8 /* LaunchScreen.storyboard in Resources */,
				8E180AA227B6A8F900413FA8 /* Assets.xcassets in Resources */,
				8E180AA027B6A8F800413FA8 /* Main.storyboard in Resources */,
			);
			runOnlyForDeploymentPostprocessing = 0;
		};
/* End PBXResourcesBuildPhase section */

/* Begin PBXSourcesBuildPhase section */
		8E180A9127B6A8F800413FA8 /* Sources */ = {
			isa = PBXSourcesBuildPhase;
			buildActionMask = 2147483647;
			files = (
				FBFB19C727B9F0E80078084A /* UIImageView+.swift in Sources */,
				FBFB19BE27B9CAC80078084A /* Response.swift in Sources */,
				FBFB19CA27BA1D800078084A /* AppCoordinator.swift in Sources */,
				FBFB19D027BA22010078084A /* DetailCoordinator.swift in Sources */,
				FBFB19C127B9CCDE0078084A /* Movie.swift in Sources */,
				FBFB19CE27BA1DBC0078084A /* SearchCoordinator.swift in Sources */,
				FBFB19D927BB11750078084A /* MovieInfo.swift in Sources */,
				8E180AB927B7875600413FA8 /* SearchViewModel.swift in Sources */,
				8E180A9D27B6A8F800413FA8 /* SearchViewController.swift in Sources */,
				FBFB19CC27BA1D9D0078084A /* Coordinator.swift in Sources */,
				8E180AC327BAA09200413FA8 /* BookmarkCoordinator.swift in Sources */,
				8E180A9927B6A8F800413FA8 /* AppDelegate.swift in Sources */,
				FBFB19BC27B9C8FD0078084A /* SearchService.swift in Sources */,
				8E180ABF27BA8D4E00413FA8 /* BookmarkViewModel.swift in Sources */,
				8E180AB727B727A300413FA8 /* MovieCell.swift in Sources */,
				8E180AC127BA995800413FA8 /* UserDefaultManager.swift in Sources */,
				8E180A9B27B6A8F800413FA8 /* SceneDelegate.swift in Sources */,
				8E180ABD27BA8CE300413FA8 /* BookmarkViewController.swift in Sources */,
				FBFB19D427BA227E0078084A /* DetailViewModel.swift in Sources */,
				FBFB19D227BA223C0078084A /* DetailViewController.swift in Sources */,
			);
			runOnlyForDeploymentPostprocessing = 0;
		};
/* End PBXSourcesBuildPhase section */

/* Begin PBXVariantGroup section */
		8E180A9E27B6A8F800413FA8 /* Main.storyboard */ = {
			isa = PBXVariantGroup;
			children = (
				8E180A9F27B6A8F800413FA8 /* Base */,
			);
			name = Main.storyboard;
			sourceTree = "<group>";
		};
		8E180AA327B6A8F900413FA8 /* LaunchScreen.storyboard */ = {
			isa = PBXVariantGroup;
			children = (
				8E180AA427B6A8F900413FA8 /* Base */,
			);
			name = LaunchScreen.storyboard;
			sourceTree = "<group>";
		};
/* End PBXVariantGroup section */

/* Begin XCBuildConfiguration section */
		8E180AA727B6A8F900413FA8 /* Debug */ = {
			isa = XCBuildConfiguration;
			buildSettings = {
				ALWAYS_SEARCH_USER_PATHS = NO;
				CLANG_ANALYZER_NONNULL = YES;
				CLANG_ANALYZER_NUMBER_OBJECT_CONVERSION = YES_AGGRESSIVE;
				CLANG_CXX_LANGUAGE_STANDARD = "gnu++17";
				CLANG_CXX_LIBRARY = "libc++";
				CLANG_ENABLE_MODULES = YES;
				CLANG_ENABLE_OBJC_ARC = YES;
				CLANG_ENABLE_OBJC_WEAK = YES;
				CLANG_WARN_BLOCK_CAPTURE_AUTORELEASING = YES;
				CLANG_WARN_BOOL_CONVERSION = YES;
				CLANG_WARN_COMMA = YES;
				CLANG_WARN_CONSTANT_CONVERSION = YES;
				CLANG_WARN_DEPRECATED_OBJC_IMPLEMENTATIONS = YES;
				CLANG_WARN_DIRECT_OBJC_ISA_USAGE = YES_ERROR;
				CLANG_WARN_DOCUMENTATION_COMMENTS = YES;
				CLANG_WARN_EMPTY_BODY = YES;
				CLANG_WARN_ENUM_CONVERSION = YES;
				CLANG_WARN_INFINITE_RECURSION = YES;
				CLANG_WARN_INT_CONVERSION = YES;
				CLANG_WARN_NON_LITERAL_NULL_CONVERSION = YES;
				CLANG_WARN_OBJC_IMPLICIT_RETAIN_SELF = YES;
				CLANG_WARN_OBJC_LITERAL_CONVERSION = YES;
				CLANG_WARN_OBJC_ROOT_CLASS = YES_ERROR;
				CLANG_WARN_QUOTED_INCLUDE_IN_FRAMEWORK_HEADER = YES;
				CLANG_WARN_RANGE_LOOP_ANALYSIS = YES;
				CLANG_WARN_STRICT_PROTOTYPES = YES;
				CLANG_WARN_SUSPICIOUS_MOVE = YES;
				CLANG_WARN_UNGUARDED_AVAILABILITY = YES_AGGRESSIVE;
				CLANG_WARN_UNREACHABLE_CODE = YES;
				CLANG_WARN__DUPLICATE_METHOD_MATCH = YES;
				COPY_PHASE_STRIP = NO;
				DEBUG_INFORMATION_FORMAT = dwarf;
				ENABLE_STRICT_OBJC_MSGSEND = YES;
				ENABLE_TESTABILITY = YES;
				GCC_C_LANGUAGE_STANDARD = gnu11;
				GCC_DYNAMIC_NO_PIC = NO;
				GCC_NO_COMMON_BLOCKS = YES;
				GCC_OPTIMIZATION_LEVEL = 0;
				GCC_PREPROCESSOR_DEFINITIONS = (
					"DEBUG=1",
					"$(inherited)",
				);
				GCC_WARN_64_TO_32_BIT_CONVERSION = YES;
				GCC_WARN_ABOUT_RETURN_TYPE = YES_ERROR;
				GCC_WARN_UNDECLARED_SELECTOR = YES;
				GCC_WARN_UNINITIALIZED_AUTOS = YES_AGGRESSIVE;
				GCC_WARN_UNUSED_FUNCTION = YES;
				GCC_WARN_UNUSED_VARIABLE = YES;
				IPHONEOS_DEPLOYMENT_TARGET = 15.2;
				MTL_ENABLE_DEBUG_INFO = INCLUDE_SOURCE;
				MTL_FAST_MATH = YES;
				ONLY_ACTIVE_ARCH = YES;
				SDKROOT = iphoneos;
				SWIFT_ACTIVE_COMPILATION_CONDITIONS = DEBUG;
				SWIFT_OPTIMIZATION_LEVEL = "-Onone";
			};
			name = Debug;
		};
		8E180AA827B6A8F900413FA8 /* Release */ = {
			isa = XCBuildConfiguration;
			buildSettings = {
				ALWAYS_SEARCH_USER_PATHS = NO;
				CLANG_ANALYZER_NONNULL = YES;
				CLANG_ANALYZER_NUMBER_OBJECT_CONVERSION = YES_AGGRESSIVE;
				CLANG_CXX_LANGUAGE_STANDARD = "gnu++17";
				CLANG_CXX_LIBRARY = "libc++";
				CLANG_ENABLE_MODULES = YES;
				CLANG_ENABLE_OBJC_ARC = YES;
				CLANG_ENABLE_OBJC_WEAK = YES;
				CLANG_WARN_BLOCK_CAPTURE_AUTORELEASING = YES;
				CLANG_WARN_BOOL_CONVERSION = YES;
				CLANG_WARN_COMMA = YES;
				CLANG_WARN_CONSTANT_CONVERSION = YES;
				CLANG_WARN_DEPRECATED_OBJC_IMPLEMENTATIONS = YES;
				CLANG_WARN_DIRECT_OBJC_ISA_USAGE = YES_ERROR;
				CLANG_WARN_DOCUMENTATION_COMMENTS = YES;
				CLANG_WARN_EMPTY_BODY = YES;
				CLANG_WARN_ENUM_CONVERSION = YES;
				CLANG_WARN_INFINITE_RECURSION = YES;
				CLANG_WARN_INT_CONVERSION = YES;
				CLANG_WARN_NON_LITERAL_NULL_CONVERSION = YES;
				CLANG_WARN_OBJC_IMPLICIT_RETAIN_SELF = YES;
				CLANG_WARN_OBJC_LITERAL_CONVERSION = YES;
				CLANG_WARN_OBJC_ROOT_CLASS = YES_ERROR;
				CLANG_WARN_QUOTED_INCLUDE_IN_FRAMEWORK_HEADER = YES;
				CLANG_WARN_RANGE_LOOP_ANALYSIS = YES;
				CLANG_WARN_STRICT_PROTOTYPES = YES;
				CLANG_WARN_SUSPICIOUS_MOVE = YES;
				CLANG_WARN_UNGUARDED_AVAILABILITY = YES_AGGRESSIVE;
				CLANG_WARN_UNREACHABLE_CODE = YES;
				CLANG_WARN__DUPLICATE_METHOD_MATCH = YES;
				COPY_PHASE_STRIP = NO;
				DEBUG_INFORMATION_FORMAT = "dwarf-with-dsym";
				ENABLE_NS_ASSERTIONS = NO;
				ENABLE_STRICT_OBJC_MSGSEND = YES;
				GCC_C_LANGUAGE_STANDARD = gnu11;
				GCC_NO_COMMON_BLOCKS = YES;
				GCC_WARN_64_TO_32_BIT_CONVERSION = YES;
				GCC_WARN_ABOUT_RETURN_TYPE = YES_ERROR;
				GCC_WARN_UNDECLARED_SELECTOR = YES;
				GCC_WARN_UNINITIALIZED_AUTOS = YES_AGGRESSIVE;
				GCC_WARN_UNUSED_FUNCTION = YES;
				GCC_WARN_UNUSED_VARIABLE = YES;
				IPHONEOS_DEPLOYMENT_TARGET = 15.2;
				MTL_ENABLE_DEBUG_INFO = NO;
				MTL_FAST_MATH = YES;
				SDKROOT = iphoneos;
				SWIFT_COMPILATION_MODE = wholemodule;
				SWIFT_OPTIMIZATION_LEVEL = "-O";
				VALIDATE_PRODUCT = YES;
			};
			name = Release;
		};
		8E180AAA27B6A8F900413FA8 /* Debug */ = {
			isa = XCBuildConfiguration;
			buildSettings = {
				ASSETCATALOG_COMPILER_APPICON_NAME = AppIcon;
				ASSETCATALOG_COMPILER_GLOBAL_ACCENT_COLOR_NAME = AccentColor;
				CODE_SIGN_STYLE = Automatic;
				CURRENT_PROJECT_VERSION = 1;
				DEVELOPMENT_TEAM = AHVY398FAJ;
				GENERATE_INFOPLIST_FILE = YES;
				INFOPLIST_FILE = Movie/Info.plist;
				INFOPLIST_KEY_UIApplicationSupportsIndirectInputEvents = YES;
				INFOPLIST_KEY_UILaunchStoryboardName = LaunchScreen;
				INFOPLIST_KEY_UIMainStoryboardFile = Main;
				INFOPLIST_KEY_UISupportedInterfaceOrientations_iPad = "UIInterfaceOrientationPortrait UIInterfaceOrientationPortraitUpsideDown UIInterfaceOrientationLandscapeLeft UIInterfaceOrientationLandscapeRight";
				INFOPLIST_KEY_UISupportedInterfaceOrientations_iPhone = "UIInterfaceOrientationPortrait UIInterfaceOrientationLandscapeLeft UIInterfaceOrientationLandscapeRight";
				LD_RUNPATH_SEARCH_PATHS = (
					"$(inherited)",
					"@executable_path/Frameworks",
				);
				MARKETING_VERSION = 1.0;
				PRODUCT_BUNDLE_IDENTIFIER = com.Koo.NaverSearch.Movie;
				PRODUCT_NAME = "$(TARGET_NAME)";
				SWIFT_EMIT_LOC_STRINGS = YES;
				SWIFT_VERSION = 5.0;
				TARGETED_DEVICE_FAMILY = "1,2";
			};
			name = Debug;
		};
		8E180AAB27B6A8F900413FA8 /* Release */ = {
			isa = XCBuildConfiguration;
			buildSettings = {
				ASSETCATALOG_COMPILER_APPICON_NAME = AppIcon;
				ASSETCATALOG_COMPILER_GLOBAL_ACCENT_COLOR_NAME = AccentColor;
				CODE_SIGN_STYLE = Automatic;
				CURRENT_PROJECT_VERSION = 1;
				DEVELOPMENT_TEAM = AHVY398FAJ;
				GENERATE_INFOPLIST_FILE = YES;
				INFOPLIST_FILE = Movie/Info.plist;
				INFOPLIST_KEY_UIApplicationSupportsIndirectInputEvents = YES;
				INFOPLIST_KEY_UILaunchStoryboardName = LaunchScreen;
				INFOPLIST_KEY_UIMainStoryboardFile = Main;
				INFOPLIST_KEY_UISupportedInterfaceOrientations_iPad = "UIInterfaceOrientationPortrait UIInterfaceOrientationPortraitUpsideDown UIInterfaceOrientationLandscapeLeft UIInterfaceOrientationLandscapeRight";
				INFOPLIST_KEY_UISupportedInterfaceOrientations_iPhone = "UIInterfaceOrientationPortrait UIInterfaceOrientationLandscapeLeft UIInterfaceOrientationLandscapeRight";
				LD_RUNPATH_SEARCH_PATHS = (
					"$(inherited)",
					"@executable_path/Frameworks",
				);
				MARKETING_VERSION = 1.0;
				PRODUCT_BUNDLE_IDENTIFIER = com.Koo.NaverSearch.Movie;
				PRODUCT_NAME = "$(TARGET_NAME)";
				SWIFT_EMIT_LOC_STRINGS = YES;
				SWIFT_VERSION = 5.0;
				TARGETED_DEVICE_FAMILY = "1,2";
			};
			name = Release;
		};
/* End XCBuildConfiguration section */

/* Begin XCConfigurationList section */
		8E180A9027B6A8F700413FA8 /* Build configuration list for PBXProject "Movie" */ = {
			isa = XCConfigurationList;
			buildConfigurations = (
				8E180AA727B6A8F900413FA8 /* Debug */,
				8E180AA827B6A8F900413FA8 /* Release */,
			);
			defaultConfigurationIsVisible = 0;
			defaultConfigurationName = Release;
		};
		8E180AA927B6A8F900413FA8 /* Build configuration list for PBXNativeTarget "Movie" */ = {
			isa = XCConfigurationList;
			buildConfigurations = (
				8E180AAA27B6A8F900413FA8 /* Debug */,
				8E180AAB27B6A8F900413FA8 /* Release */,
			);
			defaultConfigurationIsVisible = 0;
			defaultConfigurationName = Release;
		};
/* End XCConfigurationList section */

/* Begin XCRemoteSwiftPackageReference section */
		8E180AAC27B6B23E00413FA8 /* XCRemoteSwiftPackageReference "Alamofire" */ = {
			isa = XCRemoteSwiftPackageReference;
			repositoryURL = "https://github.com/Alamofire/Alamofire.git";
			requirement = {
				kind = upToNextMajorVersion;
				minimumVersion = 5.0.0;
			};
		};
		FBFB19C227B9F0B40078084A /* XCRemoteSwiftPackageReference "Kingfisher" */ = {
			isa = XCRemoteSwiftPackageReference;
			repositoryURL = "https://github.com/onevcat/Kingfisher.git";
			requirement = {
				kind = upToNextMajorVersion;
				minimumVersion = 7.0.0;
			};
		};
/* End XCRemoteSwiftPackageReference section */

/* Begin XCSwiftPackageProductDependency section */
		8E180AAD27B6B23E00413FA8 /* Alamofire */ = {
			isa = XCSwiftPackageProductDependency;
			package = 8E180AAC27B6B23E00413FA8 /* XCRemoteSwiftPackageReference "Alamofire" */;
			productName = Alamofire;
		};
		FBFB19C327B9F0B40078084A /* Kingfisher */ = {
			isa = XCSwiftPackageProductDependency;
			package = FBFB19C227B9F0B40078084A /* XCRemoteSwiftPackageReference "Kingfisher" */;
			productName = Kingfisher;
		};
/* End XCSwiftPackageProductDependency section */
	};
	rootObject = 8E180A8D27B6A8F700413FA8 /* Project object */;
}
